PODS:
  - audioplayers_darwin (0.0.1):
    - FlutterMacOS
  - file_picker (0.0.1):
    - FlutterMacOS
  - file_saver (0.0.1):
    - FlutterMacOS
  - flutter_lame (1.0.0):
    - FlutterMacOS
  - FlutterMacOS (1.0.0)
  - objective_c (0.0.1):
    - FlutterMacOS
  - package_info_plus (0.0.1):
    - FlutterMacOS
  - shared_preferences_foundation (0.0.1):
    - Flutter
    - FlutterMacOS
  - sqflite_darwin (0.0.4):
    - Flutter
    - FlutterMacOS
  - url_launcher_macos (0.0.1):
    - FlutterMacOS
  - zstd_native (0.0.1):
    - Flutter
    - FlutterMacOS

DEPENDENCIES:
  - audioplayers_darwin (from `Flutter/ephemeral/.symlinks/plugins/audioplayers_darwin/macos`)
  - file_picker (from `Flutter/ephemeral/.symlinks/plugins/file_picker/macos`)
  - file_saver (from `Flutter/ephemeral/.symlinks/plugins/file_saver/macos`)
  - flutter_lame (from `Flutter/ephemeral/.symlinks/plugins/flutter_lame/macos`)
  - FlutterMacOS (from `Flutter/ephemeral`)
  - objective_c (from `Flutter/ephemeral/.symlinks/plugins/objective_c/macos`)
  - package_info_plus (from `Flutter/ephemeral/.symlinks/plugins/package_info_plus/macos`)
  - shared_preferences_foundation (from `Flutter/ephemeral/.symlinks/plugins/shared_preferences_foundation/darwin`)
  - sqflite_darwin (from `Flutter/ephemeral/.symlinks/plugins/sqflite_darwin/darwin`)
  - url_launcher_macos (from `Flutter/ephemeral/.symlinks/plugins/url_launcher_macos/macos`)
  - zstd_native (from `Flutter/ephemeral/.symlinks/plugins/zstd_native/darwin`)

EXTERNAL SOURCES:
  audioplayers_darwin:
    :path: Flutter/ephemeral/.symlinks/plugins/audioplayers_darwin/macos
  file_picker:
    :path: Flutter/ephemeral/.symlinks/plugins/file_picker/macos
  file_saver:
    :path: Flutter/ephemeral/.symlinks/plugins/file_saver/macos
  flutter_lame:
    :path: Flutter/ephemeral/.symlinks/plugins/flutter_lame/macos
  FlutterMacOS:
    :path: Flutter/ephemeral
  objective_c:
    :path: Flutter/ephemeral/.symlinks/plugins/objective_c/macos
  package_info_plus:
    :path: Flutter/ephemeral/.symlinks/plugins/package_info_plus/macos
  shared_preferences_foundation:
    :path: Flutter/ephemeral/.symlinks/plugins/shared_preferences_foundation/darwin
  sqflite_darwin:
    :path: Flutter/ephemeral/.symlinks/plugins/sqflite_darwin/darwin
  url_launcher_macos:
    :path: Flutter/ephemeral/.symlinks/plugins/url_launcher_macos/macos
  zstd_native:
    :path: Flutter/ephemeral/.symlinks/plugins/zstd_native/darwin

SPEC CHECKSUMS:
  audioplayers_darwin: 761f2948df701d05b5db603220c384fb55720012
  file_picker: 7584aae6fa07a041af2b36a2655122d42f578c1a
  file_saver: e35bd97de451dde55ff8c38862ed7ad0f3418d0f
  flutter_lame: 448a855118053dae751b58bf4ffd614c0e9ee518
  FlutterMacOS: d0db08ddef1a9af05a5ec4b724367152bb0500b1
  objective_c: ec13431e45ba099cb734eb2829a5c1cd37986cba
  package_info_plus: f0052d280d17aa382b932f399edf32507174e870
  shared_preferences_foundation: 7036424c3d8ec98dfe75ff1667cb0cd531ec82bb
  sqflite_darwin: 20b2a3a3b70e43edae938624ce550a3cbf66a3d0
  url_launcher_macos: f87a979182d112f911de6820aefddaf56ee9fbfd
  zstd_native: 6a81080b4003be46b184ed3238136364bb899596

PODFILE CHECKSUM: 805a9f513802309643004895a1532193af85f31a

COCOAPODS: 1.16.2
